// !$*UTF8*$!
{
	archiveVersion = 1;
	classes = {
	};
	objectVersion = 56;
	objects = {

/* Begin PBXBuildFile section */
		4F361DBB2BDD0209000354C8 /* BackButtonView.swift in Sources */ = {isa = PBXBuildFile; fileRef = 4F361DBA2BDD0209000354C8 /* BackButtonView.swift */; };
		4F361DBD2BDD027B000354C8 /* ProductDetailView.swift in Sources */ = {isa = PBXBuildFile; fileRef = 4F361DBC2BDD027B000354C8 /* ProductDetailView.swift */; };
		4F361DBF2BDD0E20000354C8 /* TestView.swift in Sources */ = {isa = PBXBuildFile; fileRef = 4F361DBE2BDD0E20000354C8 /* TestView.swift */; };
		4F361DC12BDD1102000354C8 /* ProductDetailBottomSheet.swift in Sources */ = {isa = PBXBuildFile; fileRef = 4F361DC02BDD1102000354C8 /* ProductDetailBottomSheet.swift */; };
		4F361DC32BDD16DC000354C8 /* ShadowModifiers.swift in Sources */ = {isa = PBXBuildFile; fileRef = 4F361DC22BDD16DC000354C8 /* ShadowModifiers.swift */; };
		4F361DC52BDD3511000354C8 /* CartView.swift in Sources */ = {isa = PBXBuildFile; fileRef = 4F361DC42BDD3510000354C8 /* CartView.swift */; };
		4F361DC82BDD364D000354C8 /* BikeViewModel.swift in Sources */ = {isa = PBXBuildFile; fileRef = 4F361DC72BDD364D000354C8 /* BikeViewModel.swift */; };
		4F47D5602BD9E7FC0067A9CD /* Biker_IOSApp.swift in Sources */ = {isa = PBXBuildFile; fileRef = 4F47D55F2BD9E7FC0067A9CD /* Biker_IOSApp.swift */; };
		4F47D5622BD9E7FC0067A9CD /* ContentView.swift in Sources */ = {isa = PBXBuildFile; fileRef = 4F47D5612BD9E7FC0067A9CD /* ContentView.swift */; };
		4F47D5642BD9E7FE0067A9CD /* Assets.xcassets in Resources */ = {isa = PBXBuildFile; fileRef = 4F47D5632BD9E7FE0067A9CD /* Assets.xcassets */; };
		4F47D5682BD9E7FE0067A9CD /* Preview Assets.xcassets in Resources */ = {isa = PBXBuildFile; fileRef = 4F47D5672BD9E7FE0067A9CD /* Preview Assets.xcassets */; };
		4F47D5722BD9ECE80067A9CD /* Color.swift in Sources */ = {isa = PBXBuildFile; fileRef = 4F47D5712BD9ECE80067A9CD /* Color.swift */; };
		4F47D5742BD9EEB10067A9CD /* Assets.swift in Sources */ = {isa = PBXBuildFile; fileRef = 4F47D5732BD9EEB10067A9CD /* Assets.swift */; };
		4F47D5772BD9EF450067A9CD /* DashboardView.swift in Sources */ = {isa = PBXBuildFile; fileRef = 4F47D5762BD9EF450067A9CD /* DashboardView.swift */; };
		4F47D5792BD9F11D0067A9CD /* IconButtonView.swift in Sources */ = {isa = PBXBuildFile; fileRef = 4F47D5782BD9F11D0067A9CD /* IconButtonView.swift */; };
		4F47D57B2BD9F3DD0067A9CD /* CategoryButtonView.swift in Sources */ = {isa = PBXBuildFile; fileRef = 4F47D57A2BD9F3DD0067A9CD /* CategoryButtonView.swift */; };
		4F47D57D2BD9F72C0067A9CD /* CategoriesView.swift in Sources */ = {isa = PBXBuildFile; fileRef = 4F47D57C2BD9F72C0067A9CD /* CategoriesView.swift */; };
		4F47D57F2BD9FD3D0067A9CD /* BackgroundShape.swift in Sources */ = {isa = PBXBuildFile; fileRef = 4F47D57E2BD9FD3D0067A9CD /* BackgroundShape.swift */; };
		4F47D5812BDA01070067A9CD /* FeaturedProductView.swift in Sources */ = {isa = PBXBuildFile; fileRef = 4F47D5802BDA01070067A9CD /* FeaturedProductView.swift */; };
		4F47D5832BDA02B40067A9CD /* ProductShape.swift in Sources */ = {isa = PBXBuildFile; fileRef = 4F47D5822BDA02B40067A9CD /* ProductShape.swift */; };
		4F47D5862BDA2FBE0067A9CD /* ProductModel.swift in Sources */ = {isa = PBXBuildFile; fileRef = 4F47D5852BDA2FBE0067A9CD /* ProductModel.swift */; };
		4F47D5882BDA37E70067A9CD /* ProductItemView.swift in Sources */ = {isa = PBXBuildFile; fileRef = 4F47D5872BDA37E70067A9CD /* ProductItemView.swift */; };
		4FF0969D2BDEB3AD00EDE4FF /* ButtonView.swift in Sources */ = {isa = PBXBuildFile; fileRef = 4FF0969C2BDEB3AD00EDE4FF /* ButtonView.swift */; };
/* End PBXBuildFile section */

/* Begin PBXFileReference section */
		4F361DBA2BDD0209000354C8 /* BackButtonView.swift */ = {isa = PBXFileReference; lastKnownFileType = sourcecode.swift; path = BackButtonView.swift; sourceTree = "<group>"; };
		4F361DBC2BDD027B000354C8 /* ProductDetailView.swift */ = {isa = PBXFileReference; lastKnownFileType = sourcecode.swift; path = ProductDetailView.swift; sourceTree = "<group>"; };
		4F361DBE2BDD0E20000354C8 /* TestView.swift */ = {isa = PBXFileReference; lastKnownFileType = sourcecode.swift; path = TestView.swift; sourceTree = "<group>"; };
		4F361DC02BDD1102000354C8 /* ProductDetailBottomSheet.swift */ = {isa = PBXFileReference; lastKnownFileType = sourcecode.swift; path = ProductDetailBottomSheet.swift; sourceTree = "<group>"; };
		4F361DC22BDD16DC000354C8 /* ShadowModifiers.swift */ = {isa = PBXFileReference; lastKnownFileType = sourcecode.swift; path = ShadowModifiers.swift; sourceTree = "<group>"; };
		4F361DC42BDD3510000354C8 /* CartView.swift */ = {isa = PBXFileReference; lastKnownFileType = sourcecode.swift; path = CartView.swift; sourceTree = "<group>"; };
		4F361DC72BDD364D000354C8 /* BikeViewModel.swift */ = {isa = PBXFileReference; lastKnownFileType = sourcecode.swift; path = BikeViewModel.swift; sourceTree = "<group>"; };
		4F47D55C2BD9E7FC0067A9CD /* Biker-IOS.app */ = {isa = PBXFileReference; explicitFileType = wrapper.application; includeInIndex = 0; path = "Biker-IOS.app"; sourceTree = BUILT_PRODUCTS_DIR; };
		4F47D55F2BD9E7FC0067A9CD /* Biker_IOSApp.swift */ = {isa = PBXFileReference; lastKnownFileType = sourcecode.swift; path = Biker_IOSApp.swift; sourceTree = "<group>"; };
		4F47D5612BD9E7FC0067A9CD /* ContentView.swift */ = {isa = PBXFileReference; lastKnownFileType = sourcecode.swift; path = ContentView.swift; sourceTree = "<group>"; };
		4F47D5632BD9E7FE0067A9CD /* Assets.xcassets */ = {isa = PBXFileReference; lastKnownFileType = folder.assetcatalog; path = Assets.xcassets; sourceTree = "<group>"; };
		4F47D5652BD9E7FE0067A9CD /* Biker_IOS.entitlements */ = {isa = PBXFileReference; lastKnownFileType = text.plist.entitlements; path = Biker_IOS.entitlements; sourceTree = "<group>"; };
		4F47D5672BD9E7FE0067A9CD /* Preview Assets.xcassets */ = {isa = PBXFileReference; lastKnownFileType = folder.assetcatalog; path = "Preview Assets.xcassets"; sourceTree = "<group>"; };
		4F47D5712BD9ECE80067A9CD /* Color.swift */ = {isa = PBXFileReference; lastKnownFileType = sourcecode.swift; path = Color.swift; sourceTree = "<group>"; };
		4F47D5732BD9EEB10067A9CD /* Assets.swift */ = {isa = PBXFileReference; lastKnownFileType = sourcecode.swift; path = Assets.swift; sourceTree = "<group>"; };
		4F47D5762BD9EF450067A9CD /* DashboardView.swift */ = {isa = PBXFileReference; lastKnownFileType = sourcecode.swift; path = DashboardView.swift; sourceTree = "<group>"; };
		4F47D5782BD9F11D0067A9CD /* IconButtonView.swift */ = {isa = PBXFileReference; lastKnownFileType = sourcecode.swift; path = IconButtonView.swift; sourceTree = "<group>"; };
		4F47D57A2BD9F3DD0067A9CD /* CategoryButtonView.swift */ = {isa = PBXFileReference; lastKnownFileType = sourcecode.swift; path = CategoryButtonView.swift; sourceTree = "<group>"; };
		4F47D57C2BD9F72C0067A9CD /* CategoriesView.swift */ = {isa = PBXFileReference; lastKnownFileType = sourcecode.swift; path = CategoriesView.swift; sourceTree = "<group>"; };
		4F47D57E2BD9FD3D0067A9CD /* BackgroundShape.swift */ = {isa = PBXFileReference; lastKnownFileType = sourcecode.swift; path = BackgroundShape.swift; sourceTree = "<group>"; };
		4F47D5802BDA01070067A9CD /* FeaturedProductView.swift */ = {isa = PBXFileReference; lastKnownFileType = sourcecode.swift; path = FeaturedProductView.swift; sourceTree = "<group>"; };
		4F47D5822BDA02B40067A9CD /* ProductShape.swift */ = {isa = PBXFileReference; lastKnownFileType = sourcecode.swift; path = ProductShape.swift; sourceTree = "<group>"; };
		4F47D5852BDA2FBE0067A9CD /* ProductModel.swift */ = {isa = PBXFileReference; lastKnownFileType = sourcecode.swift; path = ProductModel.swift; sourceTree = "<group>"; };
		4F47D5872BDA37E70067A9CD /* ProductItemView.swift */ = {isa = PBXFileReference; lastKnownFileType = sourcecode.swift; path = ProductItemView.swift; sourceTree = "<group>"; };
		4FF0969C2BDEB3AD00EDE4FF /* ButtonView.swift */ = {isa = PBXFileReference; lastKnownFileType = sourcecode.swift; path = ButtonView.swift; sourceTree = "<group>"; };
/* End PBXFileReference section */

/* Begin PBXFrameworksBuildPhase section */
		4F47D5592BD9E7FC0067A9CD /* Frameworks */ = {
			isa = PBXFrameworksBuildPhase;
			buildActionMask = 2147483647;
			files = (
			);
			runOnlyForDeploymentPostprocessing = 0;
		};
/* End PBXFrameworksBuildPhase section */

/* Begin PBXGroup section */
		4F361DC62BDD363B000354C8 /* ViewModel */ = {
			isa = PBXGroup;
			children = (
				4F361DC72BDD364D000354C8 /* BikeViewModel.swift */,
			);
			path = ViewModel;
			sourceTree = "<group>";
		};
		4F47D5532BD9E7FC0067A9CD = {
			isa = PBXGroup;
			children = (
				4F47D55E2BD9E7FC0067A9CD /* Biker-IOS */,
				4F47D55D2BD9E7FC0067A9CD /* Products */,
			);
			sourceTree = "<group>";
		};
		4F47D55D2BD9E7FC0067A9CD /* Products */ = {
			isa = PBXGroup;
			children = (
				4F47D55C2BD9E7FC0067A9CD /* Biker-IOS.app */,
			);
			name = Products;
			sourceTree = "<group>";
		};
		4F47D55E2BD9E7FC0067A9CD /* Biker-IOS */ = {
			isa = PBXGroup;
			children = (
				4F361DC62BDD363B000354C8 /* ViewModel */,
				4F47D5842BDA2FB60067A9CD /* Models */,
				4F47D5752BD9EF1F0067A9CD /* Views */,
				4F47D5702BD9EB110067A9CD /* Components */,
				4F47D56F2BD9EB060067A9CD /* Shapes */,
				4F47D56E2BD9EAFB0067A9CD /* Utils */,
				4F47D55F2BD9E7FC0067A9CD /* Biker_IOSApp.swift */,
				4F47D5632BD9E7FE0067A9CD /* Assets.xcassets */,
				4F47D5652BD9E7FE0067A9CD /* Biker_IOS.entitlements */,
				4F47D5662BD9E7FE0067A9CD /* Preview Content */,
			);
			path = "Biker-IOS";
			sourceTree = "<group>";
		};
		4F47D5662BD9E7FE0067A9CD /* Preview Content */ = {
			isa = PBXGroup;
			children = (
				4F47D5672BD9E7FE0067A9CD /* Preview Assets.xcassets */,
			);
			path = "Preview Content";
			sourceTree = "<group>";
		};
		4F47D56E2BD9EAFB0067A9CD /* Utils */ = {
			isa = PBXGroup;
			children = (
				4F47D5712BD9ECE80067A9CD /* Color.swift */,
				4F47D5732BD9EEB10067A9CD /* Assets.swift */,
				4F361DC22BDD16DC000354C8 /* ShadowModifiers.swift */,
			);
			path = Utils;
			sourceTree = "<group>";
		};
		4F47D56F2BD9EB060067A9CD /* Shapes */ = {
			isa = PBXGroup;
			children = (
				4F47D57E2BD9FD3D0067A9CD /* BackgroundShape.swift */,
				4F47D5822BDA02B40067A9CD /* ProductShape.swift */,
			);
			path = Shapes;
			sourceTree = "<group>";
		};
		4F47D5702BD9EB110067A9CD /* Components */ = {
			isa = PBXGroup;
			children = (
				4F47D5782BD9F11D0067A9CD /* IconButtonView.swift */,
				4F47D57A2BD9F3DD0067A9CD /* CategoryButtonView.swift */,
				4F47D57C2BD9F72C0067A9CD /* CategoriesView.swift */,
				4F47D5802BDA01070067A9CD /* FeaturedProductView.swift */,
				4F47D5872BDA37E70067A9CD /* ProductItemView.swift */,
				4F361DBA2BDD0209000354C8 /* BackButtonView.swift */,
				4F361DC02BDD1102000354C8 /* ProductDetailBottomSheet.swift */,
				4FF0969C2BDEB3AD00EDE4FF /* ButtonView.swift */,
			);
			path = Components;
			sourceTree = "<group>";
		};
		4F47D5752BD9EF1F0067A9CD /* Views */ = {
			isa = PBXGroup;
			children = (
				4F47D5612BD9E7FC0067A9CD /* ContentView.swift */,
				4F47D5762BD9EF450067A9CD /* DashboardView.swift */,
				4F361DBC2BDD027B000354C8 /* ProductDetailView.swift */,
				4F361DBE2BDD0E20000354C8 /* TestView.swift */,
				4F361DC42BDD3510000354C8 /* CartView.swift */,
			);
			path = Views;
			sourceTree = "<group>";
		};
		4F47D5842BDA2FB60067A9CD /* Models */ = {
			isa = PBXGroup;
			children = (
				4F47D5852BDA2FBE0067A9CD /* ProductModel.swift */,
			);
			path = Models;
			sourceTree = "<group>";
		};
/* End PBXGroup section */

/* Begin PBXNativeTarget section */
		4F47D55B2BD9E7FC0067A9CD /* Biker-IOS */ = {
			isa = PBXNativeTarget;
			buildConfigurationList = 4F47D56B2BD9E7FE0067A9CD /* Build configuration list for PBXNativeTarget "Biker-IOS" */;
			buildPhases = (
				4F47D5582BD9E7FC0067A9CD /* Sources */,
				4F47D5592BD9E7FC0067A9CD /* Frameworks */,
				4F47D55A2BD9E7FC0067A9CD /* Resources */,
			);
			buildRules = (
			);
			dependencies = (
			);
			name = "Biker-IOS";
			productName = "Biker-IOS";
			productReference = 4F47D55C2BD9E7FC0067A9CD /* Biker-IOS.app */;
			productType = "com.apple.product-type.application";
		};
/* End PBXNativeTarget section */

/* Begin PBXProject section */
		4F47D5542BD9E7FC0067A9CD /* Project object */ = {
			isa = PBXProject;
			attributes = {
				BuildIndependentTargetsInParallel = 1;
				LastSwiftUpdateCheck = 1520;
				LastUpgradeCheck = 1520;
				TargetAttributes = {
					4F47D55B2BD9E7FC0067A9CD = {
						CreatedOnToolsVersion = 15.2;
					};
				};
			};
			buildConfigurationList = 4F47D5572BD9E7FC0067A9CD /* Build configuration list for PBXProject "Biker-IOS" */;
			compatibilityVersion = "Xcode 14.0";
			developmentRegion = en;
			hasScannedForEncodings = 0;
			knownRegions = (
				en,
				Base,
			);
			mainGroup = 4F47D5532BD9E7FC0067A9CD;
			productRefGroup = 4F47D55D2BD9E7FC0067A9CD /* Products */;
			projectDirPath = "";
			projectRoot = "";
			targets = (
				4F47D55B2BD9E7FC0067A9CD /* Biker-IOS */,
			);
		};
/* End PBXProject section */

/* Begin PBXResourcesBuildPhase section */
		4F47D55A2BD9E7FC0067A9CD /* Resources */ = {
			isa = PBXResourcesBuildPhase;
			buildActionMask = 2147483647;
			files = (
				4F47D5682BD9E7FE0067A9CD /* Preview Assets.xcassets in Resources */,
				4F47D5642BD9E7FE0067A9CD /* Assets.xcassets in Resources */,
			);
			runOnlyForDeploymentPostprocessing = 0;
		};
/* End PBXResourcesBuildPhase section */

/* Begin PBXSourcesBuildPhase section */
		4F47D5582BD9E7FC0067A9CD /* Sources */ = {
			isa = PBXSourcesBuildPhase;
			buildActionMask = 2147483647;
			files = (
				4F47D57D2BD9F72C0067A9CD /* CategoriesView.swift in Sources */,
				4F361DC82BDD364D000354C8 /* BikeViewModel.swift in Sources */,
				4F361DBB2BDD0209000354C8 /* BackButtonView.swift in Sources */,
				4F47D5832BDA02B40067A9CD /* ProductShape.swift in Sources */,
				4F47D5622BD9E7FC0067A9CD /* ContentView.swift in Sources */,
				4F361DC12BDD1102000354C8 /* ProductDetailBottomSheet.swift in Sources */,
				4F361DBF2BDD0E20000354C8 /* TestView.swift in Sources */,
				4F47D5602BD9E7FC0067A9CD /* Biker_IOSApp.swift in Sources */,
				4F47D5882BDA37E70067A9CD /* ProductItemView.swift in Sources */,
				4F361DC32BDD16DC000354C8 /* ShadowModifiers.swift in Sources */,
				4F47D5772BD9EF450067A9CD /* DashboardView.swift in Sources */,
				4F47D57B2BD9F3DD0067A9CD /* CategoryButtonView.swift in Sources */,
				4F47D5812BDA01070067A9CD /* FeaturedProductView.swift in Sources */,
				4F47D5862BDA2FBE0067A9CD /* ProductModel.swift in Sources */,
				4F47D57F2BD9FD3D0067A9CD /* BackgroundShape.swift in Sources */,
				4F361DBD2BDD027B000354C8 /* ProductDetailView.swift in Sources */,
				4F47D5742BD9EEB10067A9CD /* Assets.swift in Sources */,
				4F47D5722BD9ECE80067A9CD /* Color.swift in Sources */,
				4F361DC52BDD3511000354C8 /* CartView.swift in Sources */,
				4F47D5792BD9F11D0067A9CD /* IconButtonView.swift in Sources */,
				4FF0969D2BDEB3AD00EDE4FF /* ButtonView.swift in Sources */,
			);
			runOnlyForDeploymentPostprocessing = 0;
		};
/* End PBXSourcesBuildPhase section */

/* Begin XCBuildConfiguration section */
		4F47D5692BD9E7FE0067A9CD /* Debug */ = {
			isa = XCBuildConfiguration;
			buildSettings = {
				ALWAYS_SEARCH_USER_PATHS = NO;
				ASSETCATALOG_COMPILER_GENERATE_SWIFT_ASSET_SYMBOL_EXTENSIONS = YES;
				CLANG_ANALYZER_NONNULL = YES;
				CLANG_ANALYZER_NUMBER_OBJECT_CONVERSION = YES_AGGRESSIVE;
				CLANG_CXX_LANGUAGE_STANDARD = "gnu++20";
				CLANG_ENABLE_MODULES = YES;
				CLANG_ENABLE_OBJC_ARC = YES;
				CLANG_ENABLE_OBJC_WEAK = YES;
				CLANG_WARN_BLOCK_CAPTURE_AUTORELEASING = YES;
				CLANG_WARN_BOOL_CONVERSION = YES;
				CLANG_WARN_COMMA = YES;
				CLANG_WARN_CONSTANT_CONVERSION = YES;
				CLANG_WARN_DEPRECATED_OBJC_IMPLEMENTATIONS = YES;
				CLANG_WARN_DIRECT_OBJC_ISA_USAGE = YES_ERROR;
				CLANG_WARN_DOCUMENTATION_COMMENTS = YES;
				CLANG_WARN_EMPTY_BODY = YES;
				CLANG_WARN_ENUM_CONVERSION = YES;
				CLANG_WARN_INFINITE_RECURSION = YES;
				CLANG_WARN_INT_CONVERSION = YES;
				CLANG_WARN_NON_LITERAL_NULL_CONVERSION = YES;
				CLANG_WARN_OBJC_IMPLICIT_RETAIN_SELF = YES;
				CLANG_WARN_OBJC_LITERAL_CONVERSION = YES;
				CLANG_WARN_OBJC_ROOT_CLASS = YES_ERROR;
				CLANG_WARN_QUOTED_INCLUDE_IN_FRAMEWORK_HEADER = YES;
				CLANG_WARN_RANGE_LOOP_ANALYSIS = YES;
				CLANG_WARN_STRICT_PROTOTYPES = YES;
				CLANG_WARN_SUSPICIOUS_MOVE = YES;
				CLANG_WARN_UNGUARDED_AVAILABILITY = YES_AGGRESSIVE;
				CLANG_WARN_UNREACHABLE_CODE = YES;
				CLANG_WARN__DUPLICATE_METHOD_MATCH = YES;
				COPY_PHASE_STRIP = NO;
				DEBUG_INFORMATION_FORMAT = dwarf;
				ENABLE_STRICT_OBJC_MSGSEND = YES;
				ENABLE_TESTABILITY = YES;
				ENABLE_USER_SCRIPT_SANDBOXING = YES;
				GCC_C_LANGUAGE_STANDARD = gnu17;
				GCC_DYNAMIC_NO_PIC = NO;
				GCC_NO_COMMON_BLOCKS = YES;
				GCC_OPTIMIZATION_LEVEL = 0;
				GCC_PREPROCESSOR_DEFINITIONS = (
					"DEBUG=1",
					"$(inherited)",
				);
				GCC_WARN_64_TO_32_BIT_CONVERSION = YES;
				GCC_WARN_ABOUT_RETURN_TYPE = YES_ERROR;
				GCC_WARN_UNDECLARED_SELECTOR = YES;
				GCC_WARN_UNINITIALIZED_AUTOS = YES_AGGRESSIVE;
				GCC_WARN_UNUSED_FUNCTION = YES;
				GCC_WARN_UNUSED_VARIABLE = YES;
				LOCALIZATION_PREFERS_STRING_CATALOGS = YES;
				MTL_ENABLE_DEBUG_INFO = INCLUDE_SOURCE;
				MTL_FAST_MATH = YES;
				ONLY_ACTIVE_ARCH = YES;
				SWIFT_ACTIVE_COMPILATION_CONDITIONS = "DEBUG $(inherited)";
				SWIFT_OPTIMIZATION_LEVEL = "-Onone";
			};
			name = Debug;
		};
		4F47D56A2BD9E7FE0067A9CD /* Release */ = {
			isa = XCBuildConfiguration;
			buildSettings = {
				ALWAYS_SEARCH_USER_PATHS = NO;
				ASSETCATALOG_COMPILER_GENERATE_SWIFT_ASSET_SYMBOL_EXTENSIONS = YES;
				CLANG_ANALYZER_NONNULL = YES;
				CLANG_ANALYZER_NUMBER_OBJECT_CONVERSION = YES_AGGRESSIVE;
				CLANG_CXX_LANGUAGE_STANDARD = "gnu++20";
				CLANG_ENABLE_MODULES = YES;
				CLANG_ENABLE_OBJC_ARC = YES;
				CLANG_ENABLE_OBJC_WEAK = YES;
				CLANG_WARN_BLOCK_CAPTURE_AUTORELEASING = YES;
				CLANG_WARN_BOOL_CONVERSION = YES;
				CLANG_WARN_COMMA = YES;
				CLANG_WARN_CONSTANT_CONVERSION = YES;
				CLANG_WARN_DEPRECATED_OBJC_IMPLEMENTATIONS = YES;
				CLANG_WARN_DIRECT_OBJC_ISA_USAGE = YES_ERROR;
				CLANG_WARN_DOCUMENTATION_COMMENTS = YES;
				CLANG_WARN_EMPTY_BODY = YES;
				CLANG_WARN_ENUM_CONVERSION = YES;
				CLANG_WARN_INFINITE_RECURSION = YES;
				CLANG_WARN_INT_CONVERSION = YES;
				CLANG_WARN_NON_LITERAL_NULL_CONVERSION = YES;
				CLANG_WARN_OBJC_IMPLICIT_RETAIN_SELF = YES;
				CLANG_WARN_OBJC_LITERAL_CONVERSION = YES;
				CLANG_WARN_OBJC_ROOT_CLASS = YES_ERROR;
				CLANG_WARN_QUOTED_INCLUDE_IN_FRAMEWORK_HEADER = YES;
				CLANG_WARN_RANGE_LOOP_ANALYSIS = YES;
				CLANG_WARN_STRICT_PROTOTYPES = YES;
				CLANG_WARN_SUSPICIOUS_MOVE = YES;
				CLANG_WARN_UNGUARDED_AVAILABILITY = YES_AGGRESSIVE;
				CLANG_WARN_UNREACHABLE_CODE = YES;
				CLANG_WARN__DUPLICATE_METHOD_MATCH = YES;
				COPY_PHASE_STRIP = NO;
				DEBUG_INFORMATION_FORMAT = "dwarf-with-dsym";
				ENABLE_NS_ASSERTIONS = NO;
				ENABLE_STRICT_OBJC_MSGSEND = YES;
				ENABLE_USER_SCRIPT_SANDBOXING = YES;
				GCC_C_LANGUAGE_STANDARD = gnu17;
				GCC_NO_COMMON_BLOCKS = YES;
				GCC_WARN_64_TO_32_BIT_CONVERSION = YES;
				GCC_WARN_ABOUT_RETURN_TYPE = YES_ERROR;
				GCC_WARN_UNDECLARED_SELECTOR = YES;
				GCC_WARN_UNINITIALIZED_AUTOS = YES_AGGRESSIVE;
				GCC_WARN_UNUSED_FUNCTION = YES;
				GCC_WARN_UNUSED_VARIABLE = YES;
				LOCALIZATION_PREFERS_STRING_CATALOGS = YES;
				MTL_ENABLE_DEBUG_INFO = NO;
				MTL_FAST_MATH = YES;
				SWIFT_COMPILATION_MODE = wholemodule;
			};
			name = Release;
		};
		4F47D56C2BD9E7FE0067A9CD /* Debug */ = {
			isa = XCBuildConfiguration;
			buildSettings = {
				ASSETCATALOG_COMPILER_APPICON_NAME = AppIcon;
				ASSETCATALOG_COMPILER_GLOBAL_ACCENT_COLOR_NAME = AccentColor;
				CODE_SIGN_ENTITLEMENTS = "Biker-IOS/Biker_IOS.entitlements";
				CODE_SIGN_STYLE = Automatic;
				CURRENT_PROJECT_VERSION = 1;
				DEVELOPMENT_ASSET_PATHS = "\"Biker-IOS/Preview Content\"";
				DEVELOPMENT_TEAM = Z8X342L388;
				ENABLE_HARDENED_RUNTIME = YES;
				ENABLE_PREVIEWS = YES;
				GENERATE_INFOPLIST_FILE = YES;
				"INFOPLIST_KEY_UIApplicationSceneManifest_Generation[sdk=iphoneos*]" = YES;
				"INFOPLIST_KEY_UIApplicationSceneManifest_Generation[sdk=iphonesimulator*]" = YES;
				"INFOPLIST_KEY_UIApplicationSupportsIndirectInputEvents[sdk=iphoneos*]" = YES;
				"INFOPLIST_KEY_UIApplicationSupportsIndirectInputEvents[sdk=iphonesimulator*]" = YES;
				"INFOPLIST_KEY_UILaunchScreen_Generation[sdk=iphoneos*]" = YES;
				"INFOPLIST_KEY_UILaunchScreen_Generation[sdk=iphonesimulator*]" = YES;
				"INFOPLIST_KEY_UIStatusBarStyle[sdk=iphoneos*]" = UIStatusBarStyleDefault;
				"INFOPLIST_KEY_UIStatusBarStyle[sdk=iphonesimulator*]" = UIStatusBarStyleDefault;
				INFOPLIST_KEY_UISupportedInterfaceOrientations_iPad = "UIInterfaceOrientationPortrait UIInterfaceOrientationPortraitUpsideDown UIInterfaceOrientationLandscapeLeft UIInterfaceOrientationLandscapeRight";
				INFOPLIST_KEY_UISupportedInterfaceOrientations_iPhone = "UIInterfaceOrientationPortrait UIInterfaceOrientationLandscapeLeft UIInterfaceOrientationLandscapeRight";
				IPHONEOS_DEPLOYMENT_TARGET = 17.2;
				LD_RUNPATH_SEARCH_PATHS = "@executable_path/Frameworks";
				"LD_RUNPATH_SEARCH_PATHS[sdk=macosx*]" = "@executable_path/../Frameworks";
				MACOSX_DEPLOYMENT_TARGET = 14.0;
				MARKETING_VERSION = 1.0;
				PRODUCT_BUNDLE_IDENTIFIER = "com.dev.Biker-IOS";
				PRODUCT_NAME = "$(TARGET_NAME)";
				SDKROOT = auto;
				SUPPORTED_PLATFORMS = "iphoneos iphonesimulator";
				SUPPORTS_MACCATALYST = NO;
				SWIFT_EMIT_LOC_STRINGS = YES;
				SWIFT_VERSION = 5.0;
				TARGETED_DEVICE_FAMILY = "1,2";
			};
			name = Debug;
		};
		4F47D56D2BD9E7FE0067A9CD /* Release */ = {
			isa = XCBuildConfiguration;
			buildSettings = {
				ASSETCATALOG_COMPILER_APPICON_NAME = AppIcon;
				ASSETCATALOG_COMPILER_GLOBAL_ACCENT_COLOR_NAME = AccentColor;
				CODE_SIGN_ENTITLEMENTS = "Biker-IOS/Biker_IOS.entitlements";
				CODE_SIGN_STYLE = Automatic;
				CURRENT_PROJECT_VERSION = 1;
				DEVELOPMENT_ASSET_PATHS = "\"Biker-IOS/Preview Content\"";
				DEVELOPMENT_TEAM = Z8X342L388;
				ENABLE_HARDENED_RUNTIME = YES;
				ENABLE_PREVIEWS = YES;
				GENERATE_INFOPLIST_FILE = YES;
				"INFOPLIST_KEY_UIApplicationSceneManifest_Generation[sdk=iphoneos*]" = YES;
				"INFOPLIST_KEY_UIApplicationSceneManifest_Generation[sdk=iphonesimulator*]" = YES;
				"INFOPLIST_KEY_UIApplicationSupportsIndirectInputEvents[sdk=iphoneos*]" = YES;
				"INFOPLIST_KEY_UIApplicationSupportsIndirectInputEvents[sdk=iphonesimulator*]" = YES;
				"INFOPLIST_KEY_UILaunchScreen_Generation[sdk=iphoneos*]" = YES;
				"INFOPLIST_KEY_UILaunchScreen_Generation[sdk=iphonesimulator*]" = YES;
				"INFOPLIST_KEY_UIStatusBarStyle[sdk=iphoneos*]" = UIStatusBarStyleDefault;
				"INFOPLIST_KEY_UIStatusBarStyle[sdk=iphonesimulator*]" = UIStatusBarStyleDefault;
				INFOPLIST_KEY_UISupportedInterfaceOrientations_iPad = "UIInterfaceOrientationPortrait UIInterfaceOrientationPortraitUpsideDown UIInterfaceOrientationLandscapeLeft UIInterfaceOrientationLandscapeRight";
				INFOPLIST_KEY_UISupportedInterfaceOrientations_iPhone = "UIInterfaceOrientationPortrait UIInterfaceOrientationLandscapeLeft UIInterfaceOrientationLandscapeRight";
				IPHONEOS_DEPLOYMENT_TARGET = 17.2;
				LD_RUNPATH_SEARCH_PATHS = "@executable_path/Frameworks";
				"LD_RUNPATH_SEARCH_PATHS[sdk=macosx*]" = "@executable_path/../Frameworks";
				MACOSX_DEPLOYMENT_TARGET = 14.0;
				MARKETING_VERSION = 1.0;
				PRODUCT_BUNDLE_IDENTIFIER = "com.dev.Biker-IOS";
				PRODUCT_NAME = "$(TARGET_NAME)";
				SDKROOT = auto;
				SUPPORTED_PLATFORMS = "iphoneos iphonesimulator";
				SUPPORTS_MACCATALYST = NO;
				SWIFT_EMIT_LOC_STRINGS = YES;
				SWIFT_VERSION = 5.0;
				TARGETED_DEVICE_FAMILY = "1,2";
			};
			name = Release;
		};
/* End XCBuildConfiguration section */

/* Begin XCConfigurationList section */
		4F47D5572BD9E7FC0067A9CD /* Build configuration list for PBXProject "Biker-IOS" */ = {
			isa = XCConfigurationList;
			buildConfigurations = (
				4F47D5692BD9E7FE0067A9CD /* Debug */,
				4F47D56A2BD9E7FE0067A9CD /* Release */,
			);
			defaultConfigurationIsVisible = 0;
			defaultConfigurationName = Release;
		};
		4F47D56B2BD9E7FE0067A9CD /* Build configuration list for PBXNativeTarget "Biker-IOS" */ = {
			isa = XCConfigurationList;
			buildConfigurations = (
				4F47D56C2BD9E7FE0067A9CD /* Debug */,
				4F47D56D2BD9E7FE0067A9CD /* Release */,
			);
			defaultConfigurationIsVisible = 0;
			defaultConfigurationName = Release;
		};
/* End XCConfigurationList section */
	};
	rootObject = 4F47D5542BD9E7FC0067A9CD /* Project object */;
}
